PODS:
  - Google-Mobile-Ads-SDK (7.32.0)

DEPENDENCIES:
  - Google-Mobile-Ads-SDK

SPEC REPOS:
  https://github.com/cocoapods/specs.git:
    - Google-Mobile-Ads-SDK

SPEC CHECKSUMS:
  Google-Mobile-Ads-SDK: 2aca87e46e860f1e1fc0fdc1201dd9caa4be9ba6

PODFILE CHECKSUM: 8ddd9a84b7c0f29617e3ef3473eaaac361eece48

COCOAPODS: 1.5.3
