// !$*UTF8*$!
{
	archiveVersion = 1;
	classes = {
	};
	objectVersion = 48;
	objects = {

/* Begin PBXBuildFile section */
		D67211D65CD220419F0B7116 /* Pods_TankClashRoyale.framework in Frameworks */ = {isa = PBXBuildFile; fileRef = 6A1CEF2D542621C828203CD1 /* Pods_TankClashRoyale.framework */; };
		EA01851C20FD16E200B96508 /* Resources.swift in Sources */ = {isa = PBXBuildFile; fileRef = EA3BE8F620FBDD1C0025B39E /* Resources.swift */; };
		EA01851D20FD16F900B96508 /* CellObject.swift in Sources */ = {isa = PBXBuildFile; fileRef = EA3BE8F820FBEA530025B39E /* CellObject.swift */; };
		EA0D74792101346F00E1397E /* StatusIndicator.swift in Sources */ = {isa = PBXBuildFile; fileRef = EA0D74782101346F00E1397E /* StatusIndicator.swift */; };
		EA0D747A2101346F00E1397E /* StatusIndicator.swift in Sources */ = {isa = PBXBuildFile; fileRef = EA0D74782101346F00E1397E /* StatusIndicator.swift */; };
		EA161E5220E263CA0037AEFB /* State.swift in Sources */ = {isa = PBXBuildFile; fileRef = EA161E5120E263CA0037AEFB /* State.swift */; };
		EA161E5420E264F90037AEFB /* GameObject.swift in Sources */ = {isa = PBXBuildFile; fileRef = EA161E5320E264F90037AEFB /* GameObject.swift */; };
		EA161E5520E26A710037AEFB /* GameObject.swift in Sources */ = {isa = PBXBuildFile; fileRef = EA161E5320E264F90037AEFB /* GameObject.swift */; };
		EA161E5620E26AA30037AEFB /* Asset.swift in Sources */ = {isa = PBXBuildFile; fileRef = EA9703C520DEC30F00F392E4 /* Asset.swift */; };
		EA161E5720E26AA60037AEFB /* Assets.swift in Sources */ = {isa = PBXBuildFile; fileRef = EA9703CA20DED9CD00F392E4 /* Assets.swift */; };
		EA161E5820E26AAA0037AEFB /* State.swift in Sources */ = {isa = PBXBuildFile; fileRef = EA161E5120E263CA0037AEFB /* State.swift */; };
		EA161E5920E26AAD0037AEFB /* global.swift in Sources */ = {isa = PBXBuildFile; fileRef = EA9703C820DED23B00F392E4 /* global.swift */; };
		EA161E5A20E26AB20037AEFB /* Cells.swift in Sources */ = {isa = PBXBuildFile; fileRef = EA9703C320DE594F00F392E4 /* Cells.swift */; };
		EA161E5B20E26ABB0037AEFB /* GameScene.swift in Sources */ = {isa = PBXBuildFile; fileRef = EA46593720DC36EC006A4C92 /* GameScene.swift */; };
		EA161E5C20E26ABE0037AEFB /* GameViewController.swift in Sources */ = {isa = PBXBuildFile; fileRef = EA46593920DC36EC006A4C92 /* GameViewController.swift */; };
		EA2EDD5D20E3552500BAACA2 /* States.swift in Sources */ = {isa = PBXBuildFile; fileRef = EA2EDD5C20E3552500BAACA2 /* States.swift */; };
		EA2EDD5E20E357D500BAACA2 /* States.swift in Sources */ = {isa = PBXBuildFile; fileRef = EA2EDD5C20E3552500BAACA2 /* States.swift */; };
		EA2EDD6320E4189F00BAACA2 /* UserInfo.swift in Sources */ = {isa = PBXBuildFile; fileRef = EA2EDD6220E4189F00BAACA2 /* UserInfo.swift */; };
		EA2EDD6420E4189F00BAACA2 /* UserInfo.swift in Sources */ = {isa = PBXBuildFile; fileRef = EA2EDD6220E4189F00BAACA2 /* UserInfo.swift */; };
		EA2EDD6620E54ECB00BAACA2 /* UserInfo_Brain.swift in Sources */ = {isa = PBXBuildFile; fileRef = EA2EDD6520E54ECB00BAACA2 /* UserInfo_Brain.swift */; };
		EA2EDD6720E54ECB00BAACA2 /* UserInfo_Brain.swift in Sources */ = {isa = PBXBuildFile; fileRef = EA2EDD6520E54ECB00BAACA2 /* UserInfo_Brain.swift */; };
		EA2EDD6920E5566300BAACA2 /* Brain.swift in Sources */ = {isa = PBXBuildFile; fileRef = EA2EDD6820E5566300BAACA2 /* Brain.swift */; };
		EA2EDD6A20E5566300BAACA2 /* Brain.swift in Sources */ = {isa = PBXBuildFile; fileRef = EA2EDD6820E5566300BAACA2 /* Brain.swift */; };
		EA2EDD6C20E638BE00BAACA2 /* Asset_Actions.swift in Sources */ = {isa = PBXBuildFile; fileRef = EA2EDD6B20E638BE00BAACA2 /* Asset_Actions.swift */; };
		EA2EDD6D20E638BE00BAACA2 /* Asset_Actions.swift in Sources */ = {isa = PBXBuildFile; fileRef = EA2EDD6B20E638BE00BAACA2 /* Asset_Actions.swift */; };
		EA3BE8F720FBDD1C0025B39E /* Resources.swift in Sources */ = {isa = PBXBuildFile; fileRef = EA3BE8F620FBDD1C0025B39E /* Resources.swift */; };
		EA3BE8F920FBEA530025B39E /* CellObject.swift in Sources */ = {isa = PBXBuildFile; fileRef = EA3BE8F820FBEA530025B39E /* CellObject.swift */; };
		EA46593220DC36EC006A4C92 /* AppDelegate.swift in Sources */ = {isa = PBXBuildFile; fileRef = EA46593120DC36EC006A4C92 /* AppDelegate.swift */; };
		EA46593420DC36EC006A4C92 /* GameScene.sks in Resources */ = {isa = PBXBuildFile; fileRef = EA46593320DC36EC006A4C92 /* GameScene.sks */; };
		EA46593620DC36EC006A4C92 /* Actions.sks in Resources */ = {isa = PBXBuildFile; fileRef = EA46593520DC36EC006A4C92 /* Actions.sks */; };
		EA46593820DC36EC006A4C92 /* GameScene.swift in Sources */ = {isa = PBXBuildFile; fileRef = EA46593720DC36EC006A4C92 /* GameScene.swift */; };
		EA46593A20DC36EC006A4C92 /* GameViewController.swift in Sources */ = {isa = PBXBuildFile; fileRef = EA46593920DC36EC006A4C92 /* GameViewController.swift */; };
		EA46593D20DC36EC006A4C92 /* Main.storyboard in Resources */ = {isa = PBXBuildFile; fileRef = EA46593B20DC36EC006A4C92 /* Main.storyboard */; };
		EA46593F20DC36EF006A4C92 /* Assets.xcassets in Resources */ = {isa = PBXBuildFile; fileRef = EA46593E20DC36EF006A4C92 /* Assets.xcassets */; };
		EA46594220DC36EF006A4C92 /* LaunchScreen.storyboard in Resources */ = {isa = PBXBuildFile; fileRef = EA46594020DC36EF006A4C92 /* LaunchScreen.storyboard */; };
		EA46594D20DC36F0006A4C92 /* TankClashRoyaleTests.swift in Sources */ = {isa = PBXBuildFile; fileRef = EA46594C20DC36F0006A4C92 /* TankClashRoyaleTests.swift */; };
		EA46595820DC36F0006A4C92 /* TankClashRoyaleUITests.swift in Sources */ = {isa = PBXBuildFile; fileRef = EA46595720DC36F0006A4C92 /* TankClashRoyaleUITests.swift */; };
		EA46596720DC3A3D006A4C92 /* Cell.swift in Sources */ = {isa = PBXBuildFile; fileRef = EA46596620DC3A3D006A4C92 /* Cell.swift */; };
		EA46596820DC3A3D006A4C92 /* Cell.swift in Sources */ = {isa = PBXBuildFile; fileRef = EA46596620DC3A3D006A4C92 /* Cell.swift */; };
		EA6411DD213F87C1009FB9D6 /* Shot.swift in Sources */ = {isa = PBXBuildFile; fileRef = EA6411DC213F87C1009FB9D6 /* Shot.swift */; };
		EA6411DE213F87C1009FB9D6 /* Shot.swift in Sources */ = {isa = PBXBuildFile; fileRef = EA6411DC213F87C1009FB9D6 /* Shot.swift */; };
		EA6411DF213F87C1009FB9D6 /* Shot.swift in Sources */ = {isa = PBXBuildFile; fileRef = EA6411DC213F87C1009FB9D6 /* Shot.swift */; };
		EA6411E0213F9100009FB9D6 /* TopBar.swift in Sources */ = {isa = PBXBuildFile; fileRef = EAD239AA21022A6100CCD8B2 /* TopBar.swift */; };
		EA6411E1213F9101009FB9D6 /* TopBar.swift in Sources */ = {isa = PBXBuildFile; fileRef = EAD239AA21022A6100CCD8B2 /* TopBar.swift */; };
		EA6411E42140D40E009FB9D6 /* StatusDisplay.swift in Sources */ = {isa = PBXBuildFile; fileRef = EA6411E32140D40E009FB9D6 /* StatusDisplay.swift */; };
		EA6411E52140D40E009FB9D6 /* StatusDisplay.swift in Sources */ = {isa = PBXBuildFile; fileRef = EA6411E32140D40E009FB9D6 /* StatusDisplay.swift */; };
		EA6411E62140D40E009FB9D6 /* StatusDisplay.swift in Sources */ = {isa = PBXBuildFile; fileRef = EA6411E32140D40E009FB9D6 /* StatusDisplay.swift */; };
		EA6411E82140D92C009FB9D6 /* Status.swift in Sources */ = {isa = PBXBuildFile; fileRef = EA6411E72140D92C009FB9D6 /* Status.swift */; };
		EA6411E92140D92C009FB9D6 /* Status.swift in Sources */ = {isa = PBXBuildFile; fileRef = EA6411E72140D92C009FB9D6 /* Status.swift */; };
		EA6411EA2140D92C009FB9D6 /* Status.swift in Sources */ = {isa = PBXBuildFile; fileRef = EA6411E72140D92C009FB9D6 /* Status.swift */; };
		EA6411EC2144CBE4009FB9D6 /* Button.swift in Sources */ = {isa = PBXBuildFile; fileRef = EA6411EB2144CBE4009FB9D6 /* Button.swift */; };
		EA6411ED2144CBE5009FB9D6 /* Button.swift in Sources */ = {isa = PBXBuildFile; fileRef = EA6411EB2144CBE4009FB9D6 /* Button.swift */; };
		EA6411EE2144CBE5009FB9D6 /* Button.swift in Sources */ = {isa = PBXBuildFile; fileRef = EA6411EB2144CBE4009FB9D6 /* Button.swift */; };
		EA8142F2214624E7003FCA50 /* LivingAsset_Thinking.swift in Sources */ = {isa = PBXBuildFile; fileRef = EA8142F1214624E7003FCA50 /* LivingAsset_Thinking.swift */; };
		EA8142F3214624E7003FCA50 /* LivingAsset_Thinking.swift in Sources */ = {isa = PBXBuildFile; fileRef = EA8142F1214624E7003FCA50 /* LivingAsset_Thinking.swift */; };
		EA8142F521462693003FCA50 /* LivingAsset_Actions.swift in Sources */ = {isa = PBXBuildFile; fileRef = EA8142F421462693003FCA50 /* LivingAsset_Actions.swift */; };
		EA8142F621462693003FCA50 /* LivingAsset_Actions.swift in Sources */ = {isa = PBXBuildFile; fileRef = EA8142F421462693003FCA50 /* LivingAsset_Actions.swift */; };
		EA9703C420DE594F00F392E4 /* Cells.swift in Sources */ = {isa = PBXBuildFile; fileRef = EA9703C320DE594F00F392E4 /* Cells.swift */; };
		EA9703C620DEC30F00F392E4 /* Asset.swift in Sources */ = {isa = PBXBuildFile; fileRef = EA9703C520DEC30F00F392E4 /* Asset.swift */; };
		EA9703C920DED23B00F392E4 /* global.swift in Sources */ = {isa = PBXBuildFile; fileRef = EA9703C820DED23B00F392E4 /* global.swift */; };
		EA9703CB20DED9CD00F392E4 /* Assets.swift in Sources */ = {isa = PBXBuildFile; fileRef = EA9703CA20DED9CD00F392E4 /* Assets.swift */; };
		EA9B193E20FF9A0B00BA6EDC /* StateTypes.swift in Sources */ = {isa = PBXBuildFile; fileRef = EA9B193D20FF9A0B00BA6EDC /* StateTypes.swift */; };
		EA9B193F20FF9A0B00BA6EDC /* StateTypes.swift in Sources */ = {isa = PBXBuildFile; fileRef = EA9B193D20FF9A0B00BA6EDC /* StateTypes.swift */; };
		EAA356EF21511804009FC972 /* Cell_State.swift in Sources */ = {isa = PBXBuildFile; fileRef = EAA356EE21511804009FC972 /* Cell_State.swift */; };
		EAA356F0215201CA009FC972 /* Cell_State.swift in Sources */ = {isa = PBXBuildFile; fileRef = EAA356EE21511804009FC972 /* Cell_State.swift */; };
		EAA356F52159E2B6009FC972 /* Label.swift in Sources */ = {isa = PBXBuildFile; fileRef = EAA356F42159E2B5009FC972 /* Label.swift */; };
		EAA356F62159E2B6009FC972 /* Label.swift in Sources */ = {isa = PBXBuildFile; fileRef = EAA356F42159E2B5009FC972 /* Label.swift */; };
		EAA356F82159E37D009FC972 /* fonts.swift in Sources */ = {isa = PBXBuildFile; fileRef = EAA356F72159E37D009FC972 /* fonts.swift */; };
		EAA356F92159E37D009FC972 /* fonts.swift in Sources */ = {isa = PBXBuildFile; fileRef = EAA356F72159E37D009FC972 /* fonts.swift */; };
		EAA356FB2159E873009FC972 /* GameScene_TopBar.swift in Sources */ = {isa = PBXBuildFile; fileRef = EAA356FA2159E873009FC972 /* GameScene_TopBar.swift */; };
		EAA356FC2159E873009FC972 /* GameScene_TopBar.swift in Sources */ = {isa = PBXBuildFile; fileRef = EAA356FA2159E873009FC972 /* GameScene_TopBar.swift */; };
		EAA356FE215B2B8E009FC972 /* Actions.swift in Sources */ = {isa = PBXBuildFile; fileRef = EAA356FD215B2B8D009FC972 /* Actions.swift */; };
		EAA356FF215B2B8E009FC972 /* Actions.swift in Sources */ = {isa = PBXBuildFile; fileRef = EAA356FD215B2B8D009FC972 /* Actions.swift */; };
		EAC381B8216C5F01003968BC /* TankSelector.swift in Sources */ = {isa = PBXBuildFile; fileRef = EAC381B7216C5F01003968BC /* TankSelector.swift */; };
		EAC381B9216C5F01003968BC /* TankSelector.swift in Sources */ = {isa = PBXBuildFile; fileRef = EAC381B7216C5F01003968BC /* TankSelector.swift */; };
		EAC57B3D218D61EF000CF202 /* GameScene_CreateAssets.swift in Sources */ = {isa = PBXBuildFile; fileRef = EAC57B3C218D61EF000CF202 /* GameScene_CreateAssets.swift */; };
		EAC57B3E218D61EF000CF202 /* GameScene_CreateAssets.swift in Sources */ = {isa = PBXBuildFile; fileRef = EAC57B3C218D61EF000CF202 /* GameScene_CreateAssets.swift */; };
		EAD239AB21022A6100CCD8B2 /* TopBar.swift in Sources */ = {isa = PBXBuildFile; fileRef = EAD239AA21022A6100CCD8B2 /* TopBar.swift */; };
		EAD239AF21022FD400CCD8B2 /* SKSpriteNode.swift in Sources */ = {isa = PBXBuildFile; fileRef = EAD239AE21022FD300CCD8B2 /* SKSpriteNode.swift */; };
		EAD239B021022FD400CCD8B2 /* SKSpriteNode.swift in Sources */ = {isa = PBXBuildFile; fileRef = EAD239AE21022FD300CCD8B2 /* SKSpriteNode.swift */; };
		EAD239B22102306C00CCD8B2 /* CGPoint.swift in Sources */ = {isa = PBXBuildFile; fileRef = EAD239B12102306C00CCD8B2 /* CGPoint.swift */; };
		EAD239B32102306C00CCD8B2 /* CGPoint.swift in Sources */ = {isa = PBXBuildFile; fileRef = EAD239B12102306C00CCD8B2 /* CGPoint.swift */; };
		EAD239B52102320300CCD8B2 /* Score.swift in Sources */ = {isa = PBXBuildFile; fileRef = EAD239B42102320300CCD8B2 /* Score.swift */; };
		EAD239B62102320300CCD8B2 /* Score.swift in Sources */ = {isa = PBXBuildFile; fileRef = EAD239B42102320300CCD8B2 /* Score.swift */; };
		EAD239B821023AF000CCD8B2 /* LivingAsset.swift in Sources */ = {isa = PBXBuildFile; fileRef = EAD239B721023AF000CCD8B2 /* LivingAsset.swift */; };
		EAD239B921023AF000CCD8B2 /* LivingAsset.swift in Sources */ = {isa = PBXBuildFile; fileRef = EAD239B721023AF000CCD8B2 /* LivingAsset.swift */; };
		EAD239BB21023C0B00CCD8B2 /* NonLivingAssets.swift in Sources */ = {isa = PBXBuildFile; fileRef = EAD239BA21023C0B00CCD8B2 /* NonLivingAssets.swift */; };
		EAD239BC21023C0B00CCD8B2 /* NonLivingAssets.swift in Sources */ = {isa = PBXBuildFile; fileRef = EAD239BA21023C0B00CCD8B2 /* NonLivingAssets.swift */; };
		EAD239BE2102766D00CCD8B2 /* CGSize.swift in Sources */ = {isa = PBXBuildFile; fileRef = EAD239BD2102766D00CCD8B2 /* CGSize.swift */; };
		EAD239BF2102766D00CCD8B2 /* CGSize.swift in Sources */ = {isa = PBXBuildFile; fileRef = EAD239BD2102766D00CCD8B2 /* CGSize.swift */; };
		EADB6FC620FD3819001DDAF3 /* Decision.swift in Sources */ = {isa = PBXBuildFile; fileRef = EADB6FC520FD3819001DDAF3 /* Decision.swift */; };
		EADB6FC720FD3819001DDAF3 /* Decision.swift in Sources */ = {isa = PBXBuildFile; fileRef = EADB6FC520FD3819001DDAF3 /* Decision.swift */; };
		EAE7F100210589530033E2A9 /* GameScene_UserInterface.swift in Sources */ = {isa = PBXBuildFile; fileRef = EAE7F0FF210589530033E2A9 /* GameScene_UserInterface.swift */; };
		EAE7F10221058A680033E2A9 /* GameScene_Contact.swift in Sources */ = {isa = PBXBuildFile; fileRef = EAE7F10121058A680033E2A9 /* GameScene_Contact.swift */; };
		EAE7F10321058A680033E2A9 /* GameScene_Contact.swift in Sources */ = {isa = PBXBuildFile; fileRef = EAE7F10121058A680033E2A9 /* GameScene_Contact.swift */; };
		EAE7F105210828690033E2A9 /* Cell_AssetCreation.swift in Sources */ = {isa = PBXBuildFile; fileRef = EAE7F104210828690033E2A9 /* Cell_AssetCreation.swift */; };
		EAE7F106210828690033E2A9 /* Cell_AssetCreation.swift in Sources */ = {isa = PBXBuildFile; fileRef = EAE7F104210828690033E2A9 /* Cell_AssetCreation.swift */; };
		EAE7F108210A415C0033E2A9 /* GameOverControl.swift in Sources */ = {isa = PBXBuildFile; fileRef = EAE7F107210A415C0033E2A9 /* GameOverControl.swift */; };
		EAE7F109210A415C0033E2A9 /* GameOverControl.swift in Sources */ = {isa = PBXBuildFile; fileRef = EAE7F107210A415C0033E2A9 /* GameOverControl.swift */; };
		EAE7F10B210AC9E50033E2A9 /* GameScene_GameState.swift in Sources */ = {isa = PBXBuildFile; fileRef = EAE7F10A210AC9E50033E2A9 /* GameScene_GameState.swift */; };
		EAE7F10C210AC9E50033E2A9 /* GameScene_GameState.swift in Sources */ = {isa = PBXBuildFile; fileRef = EAE7F10A210AC9E50033E2A9 /* GameScene_GameState.swift */; };
		EAE7F10E210B3FE10033E2A9 /* SKLabelNode.swift in Sources */ = {isa = PBXBuildFile; fileRef = EAE7F10D210B3FE10033E2A9 /* SKLabelNode.swift */; };
		EAE7F10F210B3FE10033E2A9 /* SKLabelNode.swift in Sources */ = {isa = PBXBuildFile; fileRef = EAE7F10D210B3FE10033E2A9 /* SKLabelNode.swift */; };
		EAE7F111210B6EFF0033E2A9 /* SKNode.swift in Sources */ = {isa = PBXBuildFile; fileRef = EAE7F110210B6EFF0033E2A9 /* SKNode.swift */; };
		EAE7F112210B6EFF0033E2A9 /* SKNode.swift in Sources */ = {isa = PBXBuildFile; fileRef = EAE7F110210B6EFF0033E2A9 /* SKNode.swift */; };
/* End PBXBuildFile section */

/* Begin PBXContainerItemProxy section */
		EA46594920DC36F0006A4C92 /* PBXContainerItemProxy */ = {
			isa = PBXContainerItemProxy;
			containerPortal = EA46592620DC36EC006A4C92 /* Project object */;
			proxyType = 1;
			remoteGlobalIDString = EA46592D20DC36EC006A4C92;
			remoteInfo = FindMySeat;
		};
		EA46595420DC36F0006A4C92 /* PBXContainerItemProxy */ = {
			isa = PBXContainerItemProxy;
			containerPortal = EA46592620DC36EC006A4C92 /* Project object */;
			proxyType = 1;
			remoteGlobalIDString = EA46592D20DC36EC006A4C92;
			remoteInfo = FindMySeat;
		};
/* End PBXContainerItemProxy section */

/* Begin PBXFileReference section */
		2B827B53C82C0579542B65EE /* Pods-TankClashRoyale.debug.xcconfig */ = {isa = PBXFileReference; includeInIndex = 1; lastKnownFileType = text.xcconfig; name = "Pods-TankClashRoyale.debug.xcconfig"; path = "Pods/Target Support Files/Pods-TankClashRoyale/Pods-TankClashRoyale.debug.xcconfig"; sourceTree = "<group>"; };
		6A1CEF2D542621C828203CD1 /* Pods_TankClashRoyale.framework */ = {isa = PBXFileReference; explicitFileType = wrapper.framework; includeInIndex = 0; path = Pods_TankClashRoyale.framework; sourceTree = BUILT_PRODUCTS_DIR; };
		EA0D74782101346F00E1397E /* StatusIndicator.swift */ = {isa = PBXFileReference; lastKnownFileType = sourcecode.swift; path = StatusIndicator.swift; sourceTree = "<group>"; };
		EA161E5120E263CA0037AEFB /* State.swift */ = {isa = PBXFileReference; lastKnownFileType = sourcecode.swift; path = State.swift; sourceTree = "<group>"; };
		EA161E5320E264F90037AEFB /* GameObject.swift */ = {isa = PBXFileReference; lastKnownFileType = sourcecode.swift; path = GameObject.swift; sourceTree = "<group>"; };
		EA2EDD5C20E3552500BAACA2 /* States.swift */ = {isa = PBXFileReference; lastKnownFileType = sourcecode.swift; path = States.swift; sourceTree = "<group>"; };
		EA2EDD6220E4189F00BAACA2 /* UserInfo.swift */ = {isa = PBXFileReference; lastKnownFileType = sourcecode.swift; path = UserInfo.swift; sourceTree = "<group>"; };
		EA2EDD6520E54ECB00BAACA2 /* UserInfo_Brain.swift */ = {isa = PBXFileReference; lastKnownFileType = sourcecode.swift; path = UserInfo_Brain.swift; sourceTree = "<group>"; };
		EA2EDD6820E5566300BAACA2 /* Brain.swift */ = {isa = PBXFileReference; lastKnownFileType = sourcecode.swift; path = Brain.swift; sourceTree = "<group>"; };
		EA2EDD6B20E638BE00BAACA2 /* Asset_Actions.swift */ = {isa = PBXFileReference; lastKnownFileType = sourcecode.swift; path = Asset_Actions.swift; sourceTree = "<group>"; };
		EA3BE8F620FBDD1C0025B39E /* Resources.swift */ = {isa = PBXFileReference; lastKnownFileType = sourcecode.swift; path = Resources.swift; sourceTree = "<group>"; };
		EA3BE8F820FBEA530025B39E /* CellObject.swift */ = {isa = PBXFileReference; lastKnownFileType = sourcecode.swift; path = CellObject.swift; sourceTree = "<group>"; };
		EA46592E20DC36EC006A4C92 /* TankClashRoyale.app */ = {isa = PBXFileReference; explicitFileType = wrapper.application; includeInIndex = 0; path = TankClashRoyale.app; sourceTree = BUILT_PRODUCTS_DIR; };
		EA46593120DC36EC006A4C92 /* AppDelegate.swift */ = {isa = PBXFileReference; lastKnownFileType = sourcecode.swift; path = AppDelegate.swift; sourceTree = "<group>"; };
		EA46593320DC36EC006A4C92 /* GameScene.sks */ = {isa = PBXFileReference; lastKnownFileType = file.sks; path = GameScene.sks; sourceTree = "<group>"; };
		EA46593520DC36EC006A4C92 /* Actions.sks */ = {isa = PBXFileReference; lastKnownFileType = file.sks; path = Actions.sks; sourceTree = "<group>"; };
		EA46593720DC36EC006A4C92 /* GameScene.swift */ = {isa = PBXFileReference; lastKnownFileType = sourcecode.swift; path = GameScene.swift; sourceTree = "<group>"; };
		EA46593920DC36EC006A4C92 /* GameViewController.swift */ = {isa = PBXFileReference; lastKnownFileType = sourcecode.swift; path = GameViewController.swift; sourceTree = "<group>"; };
		EA46593C20DC36EC006A4C92 /* Base */ = {isa = PBXFileReference; lastKnownFileType = file.storyboard; name = Base; path = Base.lproj/Main.storyboard; sourceTree = "<group>"; };
		EA46593E20DC36EF006A4C92 /* Assets.xcassets */ = {isa = PBXFileReference; lastKnownFileType = folder.assetcatalog; path = Assets.xcassets; sourceTree = "<group>"; };
		EA46594120DC36EF006A4C92 /* Base */ = {isa = PBXFileReference; lastKnownFileType = file.storyboard; name = Base; path = Base.lproj/LaunchScreen.storyboard; sourceTree = "<group>"; };
		EA46594320DC36EF006A4C92 /* Info.plist */ = {isa = PBXFileReference; lastKnownFileType = text.plist.xml; path = Info.plist; sourceTree = "<group>"; };
		EA46594820DC36F0006A4C92 /* TankClashRoyaleTests.xctest */ = {isa = PBXFileReference; explicitFileType = wrapper.cfbundle; includeInIndex = 0; path = TankClashRoyaleTests.xctest; sourceTree = BUILT_PRODUCTS_DIR; };
		EA46594C20DC36F0006A4C92 /* TankClashRoyaleTests.swift */ = {isa = PBXFileReference; lastKnownFileType = sourcecode.swift; path = TankClashRoyaleTests.swift; sourceTree = "<group>"; };
		EA46594E20DC36F0006A4C92 /* Info.plist */ = {isa = PBXFileReference; lastKnownFileType = text.plist.xml; path = Info.plist; sourceTree = "<group>"; };
		EA46595320DC36F0006A4C92 /* TankClashRoyaleUITests.xctest */ = {isa = PBXFileReference; explicitFileType = wrapper.cfbundle; includeInIndex = 0; path = TankClashRoyaleUITests.xctest; sourceTree = BUILT_PRODUCTS_DIR; };
		EA46595720DC36F0006A4C92 /* TankClashRoyaleUITests.swift */ = {isa = PBXFileReference; lastKnownFileType = sourcecode.swift; path = TankClashRoyaleUITests.swift; sourceTree = "<group>"; };
		EA46595920DC36F0006A4C92 /* Info.plist */ = {isa = PBXFileReference; lastKnownFileType = text.plist.xml; path = Info.plist; sourceTree = "<group>"; };
		EA46596620DC3A3D006A4C92 /* Cell.swift */ = {isa = PBXFileReference; lastKnownFileType = sourcecode.swift; path = Cell.swift; sourceTree = "<group>"; };
		EA6411DC213F87C1009FB9D6 /* Shot.swift */ = {isa = PBXFileReference; lastKnownFileType = sourcecode.swift; path = Shot.swift; sourceTree = "<group>"; };
		EA6411E32140D40E009FB9D6 /* StatusDisplay.swift */ = {isa = PBXFileReference; lastKnownFileType = sourcecode.swift; path = StatusDisplay.swift; sourceTree = "<group>"; };
		EA6411E72140D92C009FB9D6 /* Status.swift */ = {isa = PBXFileReference; lastKnownFileType = sourcecode.swift; path = Status.swift; sourceTree = "<group>"; };
		EA6411EB2144CBE4009FB9D6 /* Button.swift */ = {isa = PBXFileReference; lastKnownFileType = sourcecode.swift; path = Button.swift; sourceTree = "<group>"; };
		EA8142F1214624E7003FCA50 /* LivingAsset_Thinking.swift */ = {isa = PBXFileReference; lastKnownFileType = sourcecode.swift; path = LivingAsset_Thinking.swift; sourceTree = "<group>"; };
		EA8142F421462693003FCA50 /* LivingAsset_Actions.swift */ = {isa = PBXFileReference; lastKnownFileType = sourcecode.swift; path = LivingAsset_Actions.swift; sourceTree = "<group>"; };
		EA9703C320DE594F00F392E4 /* Cells.swift */ = {isa = PBXFileReference; lastKnownFileType = sourcecode.swift; path = Cells.swift; sourceTree = "<group>"; };
		EA9703C520DEC30F00F392E4 /* Asset.swift */ = {isa = PBXFileReference; lastKnownFileType = sourcecode.swift; path = Asset.swift; sourceTree = "<group>"; };
		EA9703C820DED23B00F392E4 /* global.swift */ = {isa = PBXFileReference; lastKnownFileType = sourcecode.swift; path = global.swift; sourceTree = "<group>"; };
		EA9703CA20DED9CD00F392E4 /* Assets.swift */ = {isa = PBXFileReference; lastKnownFileType = sourcecode.swift; path = Assets.swift; sourceTree = "<group>"; };
		EA9B193D20FF9A0B00BA6EDC /* StateTypes.swift */ = {isa = PBXFileReference; lastKnownFileType = sourcecode.swift; path = StateTypes.swift; sourceTree = "<group>"; };
		EAA356EE21511804009FC972 /* Cell_State.swift */ = {isa = PBXFileReference; lastKnownFileType = sourcecode.swift; path = Cell_State.swift; sourceTree = "<group>"; };
		EAA356F42159E2B5009FC972 /* Label.swift */ = {isa = PBXFileReference; fileEncoding = 4; lastKnownFileType = sourcecode.swift; path = Label.swift; sourceTree = "<group>"; };
		EAA356F72159E37D009FC972 /* fonts.swift */ = {isa = PBXFileReference; fileEncoding = 4; lastKnownFileType = sourcecode.swift; path = fonts.swift; sourceTree = "<group>"; };
		EAA356FA2159E873009FC972 /* GameScene_TopBar.swift */ = {isa = PBXFileReference; lastKnownFileType = sourcecode.swift; path = GameScene_TopBar.swift; sourceTree = "<group>"; };
		EAA356FD215B2B8D009FC972 /* Actions.swift */ = {isa = PBXFileReference; lastKnownFileType = sourcecode.swift; path = Actions.swift; sourceTree = "<group>"; };
		EAC381B7216C5F01003968BC /* TankSelector.swift */ = {isa = PBXFileReference; lastKnownFileType = sourcecode.swift; path = TankSelector.swift; sourceTree = "<group>"; };
		EAC57B3C218D61EF000CF202 /* GameScene_CreateAssets.swift */ = {isa = PBXFileReference; lastKnownFileType = sourcecode.swift; path = GameScene_CreateAssets.swift; sourceTree = "<group>"; };
		EAD239AA21022A6100CCD8B2 /* TopBar.swift */ = {isa = PBXFileReference; lastKnownFileType = sourcecode.swift; path = TopBar.swift; sourceTree = "<group>"; };
		EAD239AE21022FD300CCD8B2 /* SKSpriteNode.swift */ = {isa = PBXFileReference; fileEncoding = 4; lastKnownFileType = sourcecode.swift; path = SKSpriteNode.swift; sourceTree = "<group>"; };
		EAD239B12102306C00CCD8B2 /* CGPoint.swift */ = {isa = PBXFileReference; lastKnownFileType = sourcecode.swift; path = CGPoint.swift; sourceTree = "<group>"; };
		EAD239B42102320300CCD8B2 /* Score.swift */ = {isa = PBXFileReference; lastKnownFileType = sourcecode.swift; path = Score.swift; sourceTree = "<group>"; };
		EAD239B721023AF000CCD8B2 /* LivingAsset.swift */ = {isa = PBXFileReference; lastKnownFileType = sourcecode.swift; path = LivingAsset.swift; sourceTree = "<group>"; };
		EAD239BA21023C0B00CCD8B2 /* NonLivingAssets.swift */ = {isa = PBXFileReference; lastKnownFileType = sourcecode.swift; path = NonLivingAssets.swift; sourceTree = "<group>"; };
		EAD239BD2102766D00CCD8B2 /* CGSize.swift */ = {isa = PBXFileReference; lastKnownFileType = sourcecode.swift; path = CGSize.swift; sourceTree = "<group>"; };
		EADB6FC520FD3819001DDAF3 /* Decision.swift */ = {isa = PBXFileReference; fileEncoding = 4; lastKnownFileType = sourcecode.swift; path = Decision.swift; sourceTree = "<group>"; };
		EAE7F0FF210589530033E2A9 /* GameScene_UserInterface.swift */ = {isa = PBXFileReference; lastKnownFileType = sourcecode.swift; name = GameScene_UserInterface.swift; path = TankClashRoyale/GameScene_UserInterface.swift; sourceTree = SOURCE_ROOT; };
		EAE7F10121058A680033E2A9 /* GameScene_Contact.swift */ = {isa = PBXFileReference; lastKnownFileType = sourcecode.swift; path = GameScene_Contact.swift; sourceTree = "<group>"; };
		EAE7F104210828690033E2A9 /* Cell_AssetCreation.swift */ = {isa = PBXFileReference; lastKnownFileType = sourcecode.swift; path = Cell_AssetCreation.swift; sourceTree = "<group>"; };
		EAE7F107210A415C0033E2A9 /* GameOverControl.swift */ = {isa = PBXFileReference; lastKnownFileType = sourcecode.swift; path = GameOverControl.swift; sourceTree = "<group>"; };
		EAE7F10A210AC9E50033E2A9 /* GameScene_GameState.swift */ = {isa = PBXFileReference; lastKnownFileType = sourcecode.swift; path = GameScene_GameState.swift; sourceTree = "<group>"; };
		EAE7F10D210B3FE10033E2A9 /* SKLabelNode.swift */ = {isa = PBXFileReference; lastKnownFileType = sourcecode.swift; path = SKLabelNode.swift; sourceTree = "<group>"; };
		EAE7F110210B6EFF0033E2A9 /* SKNode.swift */ = {isa = PBXFileReference; lastKnownFileType = sourcecode.swift; path = SKNode.swift; sourceTree = "<group>"; };
		FA327A8D4361048ADAF1FDB0 /* Pods-TankClashRoyale.release.xcconfig */ = {isa = PBXFileReference; includeInIndex = 1; lastKnownFileType = text.xcconfig; name = "Pods-TankClashRoyale.release.xcconfig"; path = "Pods/Target Support Files/Pods-TankClashRoyale/Pods-TankClashRoyale.release.xcconfig"; sourceTree = "<group>"; };
/* End PBXFileReference section */

/* Begin PBXFrameworksBuildPhase section */
		EA46592B20DC36EC006A4C92 /* Frameworks */ = {
			isa = PBXFrameworksBuildPhase;
			buildActionMask = 2147483647;
			files = (
				D67211D65CD220419F0B7116 /* Pods_TankClashRoyale.framework in Frameworks */,
			);
			runOnlyForDeploymentPostprocessing = 0;
		};
		EA46594520DC36F0006A4C92 /* Frameworks */ = {
			isa = PBXFrameworksBuildPhase;
			buildActionMask = 2147483647;
			files = (
			);
			runOnlyForDeploymentPostprocessing = 0;
		};
		EA46595020DC36F0006A4C92 /* Frameworks */ = {
			isa = PBXFrameworksBuildPhase;
			buildActionMask = 2147483647;
			files = (
			);
			runOnlyForDeploymentPostprocessing = 0;
		};
/* End PBXFrameworksBuildPhase section */

/* Begin PBXGroup section */
		A185AD6005BB76DB9A0889CF /* Pods */ = {
			isa = PBXGroup;
			children = (
				2B827B53C82C0579542B65EE /* Pods-TankClashRoyale.debug.xcconfig */,
				FA327A8D4361048ADAF1FDB0 /* Pods-TankClashRoyale.release.xcconfig */,
			);
			name = Pods;
			sourceTree = "<group>";
		};
		C3580B64705A8F67EE65430F /* Frameworks */ = {
			isa = PBXGroup;
			children = (
				6A1CEF2D542621C828203CD1 /* Pods_TankClashRoyale.framework */,
			);
			name = Frameworks;
			sourceTree = "<group>";
		};
		EA161E5020E2614A0037AEFB /* Brain */ = {
			isa = PBXGroup;
			children = (
				EADB6FC520FD3819001DDAF3 /* Decision.swift */,
				EA161E5120E263CA0037AEFB /* State.swift */,
				EA2EDD5C20E3552500BAACA2 /* States.swift */,
				EA2EDD6820E5566300BAACA2 /* Brain.swift */,
				EA9B193D20FF9A0B00BA6EDC /* StateTypes.swift */,
			);
			path = Brain;
			sourceTree = "<group>";
		};
		EA46592520DC36EC006A4C92 = {
			isa = PBXGroup;
			children = (
				EA46593020DC36EC006A4C92 /* TankClashRoyale */,
				EA46594B20DC36F0006A4C92 /* TankClashRoyaleTests */,
				EA46595620DC36F0006A4C92 /* TankClashRoyaleUITests */,
				EA46592F20DC36EC006A4C92 /* Products */,
				A185AD6005BB76DB9A0889CF /* Pods */,
				C3580B64705A8F67EE65430F /* Frameworks */,
			);
			sourceTree = "<group>";
		};
		EA46592F20DC36EC006A4C92 /* Products */ = {
			isa = PBXGroup;
			children = (
				EA46592E20DC36EC006A4C92 /* TankClashRoyale.app */,
				EA46594820DC36F0006A4C92 /* TankClashRoyaleTests.xctest */,
				EA46595320DC36F0006A4C92 /* TankClashRoyaleUITests.xctest */,
			);
			name = Products;
			sourceTree = "<group>";
		};
		EA46593020DC36EC006A4C92 /* TankClashRoyale */ = {
			isa = PBXGroup;
			children = (
				EA6411E22140D3D7009FB9D6 /* Components */,
				EA46593520DC36EC006A4C92 /* Actions.sks */,
				EA46593120DC36EC006A4C92 /* AppDelegate.swift */,
				EA46593E20DC36EF006A4C92 /* Assets.xcassets */,
				EA161E5020E2614A0037AEFB /* Brain */,
				EAD239AD21022FD300CCD8B2 /* Extensions */,
				EAE7F10121058A680033E2A9 /* GameScene_Contact.swift */,
				EAE7F10A210AC9E50033E2A9 /* GameScene_GameState.swift */,
				EAE7F0FF210589530033E2A9 /* GameScene_UserInterface.swift */,
				EAA356FA2159E873009FC972 /* GameScene_TopBar.swift */,
				EA46593320DC36EC006A4C92 /* GameScene.sks */,
				EAC57B3C218D61EF000CF202 /* GameScene_CreateAssets.swift */,
				EA46593720DC36EC006A4C92 /* GameScene.swift */,
				EA46593920DC36EC006A4C92 /* GameViewController.swift */,
				EA46594320DC36EF006A4C92 /* Info.plist */,
				EA46594020DC36EF006A4C92 /* LaunchScreen.storyboard */,
				EA46593B20DC36EC006A4C92 /* Main.storyboard */,
				EAD239A921022A3800CCD8B2 /* Menu */,
				EA46596520DC3A10006A4C92 /* Objects */,
				EA9703C720DED17800F392E4 /* Shared */,
			);
			path = TankClashRoyale;
			sourceTree = "<group>";
		};
		EA46594B20DC36F0006A4C92 /* TankClashRoyaleTests */ = {
			isa = PBXGroup;
			children = (
				EA46594C20DC36F0006A4C92 /* TankClashRoyaleTests.swift */,
				EA46594E20DC36F0006A4C92 /* Info.plist */,
			);
			path = TankClashRoyaleTests;
			sourceTree = "<group>";
		};
		EA46595620DC36F0006A4C92 /* TankClashRoyaleUITests */ = {
			isa = PBXGroup;
			children = (
				EA46595720DC36F0006A4C92 /* TankClashRoyaleUITests.swift */,
				EA46595920DC36F0006A4C92 /* Info.plist */,
			);
			path = TankClashRoyaleUITests;
			sourceTree = "<group>";
		};
		EA46596520DC3A10006A4C92 /* Objects */ = {
			isa = PBXGroup;
			children = (
				EA2EDD6B20E638BE00BAACA2 /* Asset_Actions.swift */,
				EA9703C520DEC30F00F392E4 /* Asset.swift */,
				EA9703CA20DED9CD00F392E4 /* Assets.swift */,
				EAE7F104210828690033E2A9 /* Cell_AssetCreation.swift */,
				EAA356EE21511804009FC972 /* Cell_State.swift */,
				EA46596620DC3A3D006A4C92 /* Cell.swift */,
				EA3BE8F820FBEA530025B39E /* CellObject.swift */,
				EA9703C320DE594F00F392E4 /* Cells.swift */,
				EA161E5320E264F90037AEFB /* GameObject.swift */,
				EA8142F421462693003FCA50 /* LivingAsset_Actions.swift */,
				EA8142F1214624E7003FCA50 /* LivingAsset_Thinking.swift */,
				EAD239B721023AF000CCD8B2 /* LivingAsset.swift */,
				EAD239BA21023C0B00CCD8B2 /* NonLivingAssets.swift */,
				EA3BE8F620FBDD1C0025B39E /* Resources.swift */,
				EA6411DC213F87C1009FB9D6 /* Shot.swift */,
			);
			path = Objects;
			sourceTree = "<group>";
		};
		EA6411E22140D3D7009FB9D6 /* Components */ = {
			isa = PBXGroup;
			children = (
				EA6411E32140D40E009FB9D6 /* StatusDisplay.swift */,
				EA6411E72140D92C009FB9D6 /* Status.swift */,
			);
			path = Components;
			sourceTree = "<group>";
		};
		EA9703C720DED17800F392E4 /* Shared */ = {
			isa = PBXGroup;
			children = (
				EA9703C820DED23B00F392E4 /* global.swift */,
				EA2EDD6220E4189F00BAACA2 /* UserInfo.swift */,
				EAA356F72159E37D009FC972 /* fonts.swift */,
				EA2EDD6520E54ECB00BAACA2 /* UserInfo_Brain.swift */,
				EA0D74782101346F00E1397E /* StatusIndicator.swift */,
				EAE7F107210A415C0033E2A9 /* GameOverControl.swift */,
				EAA356FD215B2B8D009FC972 /* Actions.swift */,
			);
			path = Shared;
			sourceTree = "<group>";
		};
		EAD239A921022A3800CCD8B2 /* Menu */ = {
			isa = PBXGroup;
			children = (
				EAD239AA21022A6100CCD8B2 /* TopBar.swift */,
				EAD239B42102320300CCD8B2 /* Score.swift */,
				EA6411EB2144CBE4009FB9D6 /* Button.swift */,
				EAA356F42159E2B5009FC972 /* Label.swift */,
				EAC381B7216C5F01003968BC /* TankSelector.swift */,
			);
			path = Menu;
			sourceTree = "<group>";
		};
		EAD239AD21022FD300CCD8B2 /* Extensions */ = {
			isa = PBXGroup;
			children = (
				EAD239AE21022FD300CCD8B2 /* SKSpriteNode.swift */,
				EAD239B12102306C00CCD8B2 /* CGPoint.swift */,
				EAD239BD2102766D00CCD8B2 /* CGSize.swift */,
				EAE7F10D210B3FE10033E2A9 /* SKLabelNode.swift */,
				EAE7F110210B6EFF0033E2A9 /* SKNode.swift */,
			);
			path = Extensions;
			sourceTree = "<group>";
		};
/* End PBXGroup section */

/* Begin PBXNativeTarget section */
		EA46592D20DC36EC006A4C92 /* TankClashRoyale */ = {
			isa = PBXNativeTarget;
			buildConfigurationList = EA46595C20DC36F0006A4C92 /* Build configuration list for PBXNativeTarget "TankClashRoyale" */;
			buildPhases = (
				84F9C7CFA247AB56BBA57C36 /* [CP] Check Pods Manifest.lock */,
				EA46592A20DC36EC006A4C92 /* Sources */,
				EA46592B20DC36EC006A4C92 /* Frameworks */,
				EA46592C20DC36EC006A4C92 /* Resources */,
			);
			buildRules = (
			);
			dependencies = (
			);
			name = TankClashRoyale;
			productName = FindMySeat;
			productReference = EA46592E20DC36EC006A4C92 /* TankClashRoyale.app */;
			productType = "com.apple.product-type.application";
		};
		EA46594720DC36F0006A4C92 /* TankClashRoyaleTests */ = {
			isa = PBXNativeTarget;
			buildConfigurationList = EA46595F20DC36F0006A4C92 /* Build configuration list for PBXNativeTarget "TankClashRoyaleTests" */;
			buildPhases = (
				EA46594420DC36F0006A4C92 /* Sources */,
				EA46594520DC36F0006A4C92 /* Frameworks */,
				EA46594620DC36F0006A4C92 /* Resources */,
			);
			buildRules = (
			);
			dependencies = (
				EA46594A20DC36F0006A4C92 /* PBXTargetDependency */,
			);
			name = TankClashRoyaleTests;
			productName = FindMySeatTests;
			productReference = EA46594820DC36F0006A4C92 /* TankClashRoyaleTests.xctest */;
			productType = "com.apple.product-type.bundle.unit-test";
		};
		EA46595220DC36F0006A4C92 /* TankClashRoyaleUITests */ = {
			isa = PBXNativeTarget;
			buildConfigurationList = EA46596220DC36F0006A4C92 /* Build configuration list for PBXNativeTarget "TankClashRoyaleUITests" */;
			buildPhases = (
				EA46594F20DC36F0006A4C92 /* Sources */,
				EA46595020DC36F0006A4C92 /* Frameworks */,
				EA46595120DC36F0006A4C92 /* Resources */,
			);
			buildRules = (
			);
			dependencies = (
				EA46595520DC36F0006A4C92 /* PBXTargetDependency */,
			);
			name = TankClashRoyaleUITests;
			productName = FindMySeatUITests;
			productReference = EA46595320DC36F0006A4C92 /* TankClashRoyaleUITests.xctest */;
			productType = "com.apple.product-type.bundle.ui-testing";
		};
/* End PBXNativeTarget section */

/* Begin PBXProject section */
		EA46592620DC36EC006A4C92 /* Project object */ = {
			isa = PBXProject;
			attributes = {
				LastSwiftUpdateCheck = 0940;
				LastUpgradeCheck = 0940;
				ORGANIZATIONNAME = CodeVald;
				TargetAttributes = {
					EA46592D20DC36EC006A4C92 = {
						CreatedOnToolsVersion = 9.4.1;
						ProvisioningStyle = Automatic;
					};
					EA46594720DC36F0006A4C92 = {
						CreatedOnToolsVersion = 9.4.1;
						ProvisioningStyle = Automatic;
						TestTargetID = EA46592D20DC36EC006A4C92;
					};
					EA46595220DC36F0006A4C92 = {
						CreatedOnToolsVersion = 9.4.1;
						ProvisioningStyle = Automatic;
						TestTargetID = EA46592D20DC36EC006A4C92;
					};
				};
			};
			buildConfigurationList = EA46592920DC36EC006A4C92 /* Build configuration list for PBXProject "TankClashRoyale" */;
			compatibilityVersion = "Xcode 8.0";
			developmentRegion = en;
			hasScannedForEncodings = 0;
			knownRegions = (
				en,
				Base,
			);
			mainGroup = EA46592520DC36EC006A4C92;
			productRefGroup = EA46592F20DC36EC006A4C92 /* Products */;
			projectDirPath = "";
			projectRoot = "";
			targets = (
				EA46592D20DC36EC006A4C92 /* TankClashRoyale */,
				EA46594720DC36F0006A4C92 /* TankClashRoyaleTests */,
				EA46595220DC36F0006A4C92 /* TankClashRoyaleUITests */,
			);
		};
/* End PBXProject section */

/* Begin PBXResourcesBuildPhase section */
		EA46592C20DC36EC006A4C92 /* Resources */ = {
			isa = PBXResourcesBuildPhase;
			buildActionMask = 2147483647;
			files = (
				EA46593D20DC36EC006A4C92 /* Main.storyboard in Resources */,
				EA46593420DC36EC006A4C92 /* GameScene.sks in Resources */,
				EA46593F20DC36EF006A4C92 /* Assets.xcassets in Resources */,
				EA46594220DC36EF006A4C92 /* LaunchScreen.storyboard in Resources */,
				EA46593620DC36EC006A4C92 /* Actions.sks in Resources */,
			);
			runOnlyForDeploymentPostprocessing = 0;
		};
		EA46594620DC36F0006A4C92 /* Resources */ = {
			isa = PBXResourcesBuildPhase;
			buildActionMask = 2147483647;
			files = (
			);
			runOnlyForDeploymentPostprocessing = 0;
		};
		EA46595120DC36F0006A4C92 /* Resources */ = {
			isa = PBXResourcesBuildPhase;
			buildActionMask = 2147483647;
			files = (
			);
			runOnlyForDeploymentPostprocessing = 0;
		};
/* End PBXResourcesBuildPhase section */

/* Begin PBXShellScriptBuildPhase section */
		84F9C7CFA247AB56BBA57C36 /* [CP] Check Pods Manifest.lock */ = {
			isa = PBXShellScriptBuildPhase;
			buildActionMask = 2147483647;
			files = (
			);
			inputPaths = (
				"${PODS_PODFILE_DIR_PATH}/Podfile.lock",
				"${PODS_ROOT}/Manifest.lock",
			);
			name = "[CP] Check Pods Manifest.lock";
			outputPaths = (
				"$(DERIVED_FILE_DIR)/Pods-TankClashRoyale-checkManifestLockResult.txt",
			);
			runOnlyForDeploymentPostprocessing = 0;
			shellPath = /bin/sh;
			shellScript = "diff \"${PODS_PODFILE_DIR_PATH}/Podfile.lock\" \"${PODS_ROOT}/Manifest.lock\" > /dev/null\nif [ $? != 0 ] ; then\n    # print error to STDERR\n    echo \"error: The sandbox is not in sync with the Podfile.lock. Run 'pod install' or update your CocoaPods installation.\" >&2\n    exit 1\nfi\n# This output is used by Xcode 'outputs' to avoid re-running this script phase.\necho \"SUCCESS\" > \"${SCRIPT_OUTPUT_FILE_0}\"\n";
			showEnvVarsInLog = 0;
		};
/* End PBXShellScriptBuildPhase section */

/* Begin PBXSourcesBuildPhase section */
		EA46592A20DC36EC006A4C92 /* Sources */ = {
			isa = PBXSourcesBuildPhase;
			buildActionMask = 2147483647;
			files = (
				EAA356FB2159E873009FC972 /* GameScene_TopBar.swift in Sources */,
				EA6411E82140D92C009FB9D6 /* Status.swift in Sources */,
				EA9703C920DED23B00F392E4 /* global.swift in Sources */,
				EA9703C620DEC30F00F392E4 /* Asset.swift in Sources */,
				EAD239AF21022FD400CCD8B2 /* SKSpriteNode.swift in Sources */,
				EA9B193E20FF9A0B00BA6EDC /* StateTypes.swift in Sources */,
				EA6411EC2144CBE4009FB9D6 /* Button.swift in Sources */,
				EA9703CB20DED9CD00F392E4 /* Assets.swift in Sources */,
				EA46593820DC36EC006A4C92 /* GameScene.swift in Sources */,
				EA161E5420E264F90037AEFB /* GameObject.swift in Sources */,
				EAC381B8216C5F01003968BC /* TankSelector.swift in Sources */,
				EAD239BE2102766D00CCD8B2 /* CGSize.swift in Sources */,
				EADB6FC620FD3819001DDAF3 /* Decision.swift in Sources */,
				EAE7F105210828690033E2A9 /* Cell_AssetCreation.swift in Sources */,
				EA2EDD6620E54ECB00BAACA2 /* UserInfo_Brain.swift in Sources */,
				EA8142F521462693003FCA50 /* LivingAsset_Actions.swift in Sources */,
				EAA356FE215B2B8E009FC972 /* Actions.swift in Sources */,
				EA46596720DC3A3D006A4C92 /* Cell.swift in Sources */,
				EA6411E42140D40E009FB9D6 /* StatusDisplay.swift in Sources */,
				EAE7F100210589530033E2A9 /* GameScene_UserInterface.swift in Sources */,
				EA6411DD213F87C1009FB9D6 /* Shot.swift in Sources */,
				EAD239B52102320300CCD8B2 /* Score.swift in Sources */,
				EA46593A20DC36EC006A4C92 /* GameViewController.swift in Sources */,
				EA2EDD5D20E3552500BAACA2 /* States.swift in Sources */,
				EAE7F10B210AC9E50033E2A9 /* GameScene_GameState.swift in Sources */,
				EAA356F82159E37D009FC972 /* fonts.swift in Sources */,
				EAD239BB21023C0B00CCD8B2 /* NonLivingAssets.swift in Sources */,
				EAE7F10221058A680033E2A9 /* GameScene_Contact.swift in Sources */,
				EAE7F108210A415C0033E2A9 /* GameOverControl.swift in Sources */,
				EA3BE8F720FBDD1C0025B39E /* Resources.swift in Sources */,
				EAA356F52159E2B6009FC972 /* Label.swift in Sources */,
				EA3BE8F920FBEA530025B39E /* CellObject.swift in Sources */,
				EA2EDD6320E4189F00BAACA2 /* UserInfo.swift in Sources */,
				EAD239AB21022A6100CCD8B2 /* TopBar.swift in Sources */,
				EAD239B22102306C00CCD8B2 /* CGPoint.swift in Sources */,
				EAE7F111210B6EFF0033E2A9 /* SKNode.swift in Sources */,
				EA8142F2214624E7003FCA50 /* LivingAsset_Thinking.swift in Sources */,
				EA161E5220E263CA0037AEFB /* State.swift in Sources */,
				EA46593220DC36EC006A4C92 /* AppDelegate.swift in Sources */,
				EA9703C420DE594F00F392E4 /* Cells.swift in Sources */,
				EA2EDD6920E5566300BAACA2 /* Brain.swift in Sources */,
				EA0D74792101346F00E1397E /* StatusIndicator.swift in Sources */,
				EAE7F10E210B3FE10033E2A9 /* SKLabelNode.swift in Sources */,
				EAD239B821023AF000CCD8B2 /* LivingAsset.swift in Sources */,
				EAA356EF21511804009FC972 /* Cell_State.swift in Sources */,
				EA2EDD6C20E638BE00BAACA2 /* Asset_Actions.swift in Sources */,
				EAC57B3D218D61EF000CF202 /* GameScene_CreateAssets.swift in Sources */,
			);
			runOnlyForDeploymentPostprocessing = 0;
		};
		EA46594420DC36F0006A4C92 /* Sources */ = {
			isa = PBXSourcesBuildPhase;
			buildActionMask = 2147483647;
			files = (
				EAD239B32102306C00CCD8B2 /* CGPoint.swift in Sources */,
				EA161E5C20E26ABE0037AEFB /* GameViewController.swift in Sources */,
				EA161E5920E26AAD0037AEFB /* global.swift in Sources */,
				EA9B193F20FF9A0B00BA6EDC /* StateTypes.swift in Sources */,
				EA161E5A20E26AB20037AEFB /* Cells.swift in Sources */,
				EAA356FF215B2B8E009FC972 /* Actions.swift in Sources */,
				EA46594D20DC36F0006A4C92 /* TankClashRoyaleTests.swift in Sources */,
				EA6411ED2144CBE5009FB9D6 /* Button.swift in Sources */,
				EA161E5B20E26ABB0037AEFB /* GameScene.swift in Sources */,
				EADB6FC720FD3819001DDAF3 /* Decision.swift in Sources */,
				EA01851D20FD16F900B96508 /* CellObject.swift in Sources */,
				EAA356F92159E37D009FC972 /* fonts.swift in Sources */,
				EA6411E0213F9100009FB9D6 /* TopBar.swift in Sources */,
				EAA356F0215201CA009FC972 /* Cell_State.swift in Sources */,
				EA01851C20FD16E200B96508 /* Resources.swift in Sources */,
				EA2EDD6720E54ECB00BAACA2 /* UserInfo_Brain.swift in Sources */,
				EAE7F112210B6EFF0033E2A9 /* SKNode.swift in Sources */,
				EAD239B62102320300CCD8B2 /* Score.swift in Sources */,
				EA46596820DC3A3D006A4C92 /* Cell.swift in Sources */,
				EAE7F109210A415C0033E2A9 /* GameOverControl.swift in Sources */,
				EAD239B921023AF000CCD8B2 /* LivingAsset.swift in Sources */,
				EAD239BF2102766D00CCD8B2 /* CGSize.swift in Sources */,
				EAD239BC21023C0B00CCD8B2 /* NonLivingAssets.swift in Sources */,
				EAA356FC2159E873009FC972 /* GameScene_TopBar.swift in Sources */,
				EA6411DE213F87C1009FB9D6 /* Shot.swift in Sources */,
				EA161E5620E26AA30037AEFB /* Asset.swift in Sources */,
				EAE7F10C210AC9E50033E2A9 /* GameScene_GameState.swift in Sources */,
				EA2EDD5E20E357D500BAACA2 /* States.swift in Sources */,
				EA6411E92140D92C009FB9D6 /* Status.swift in Sources */,
				EAD239B021022FD400CCD8B2 /* SKSpriteNode.swift in Sources */,
				EAE7F106210828690033E2A9 /* Cell_AssetCreation.swift in Sources */,
				EAC57B3E218D61EF000CF202 /* GameScene_CreateAssets.swift in Sources */,
				EA2EDD6420E4189F00BAACA2 /* UserInfo.swift in Sources */,
				EAA356F62159E2B6009FC972 /* Label.swift in Sources */,
				EA161E5820E26AAA0037AEFB /* State.swift in Sources */,
				EA161E5720E26AA60037AEFB /* Assets.swift in Sources */,
				EA6411E52140D40E009FB9D6 /* StatusDisplay.swift in Sources */,
				EAE7F10321058A680033E2A9 /* GameScene_Contact.swift in Sources */,
				EA161E5520E26A710037AEFB /* GameObject.swift in Sources */,
				EA8142F3214624E7003FCA50 /* LivingAsset_Thinking.swift in Sources */,
				EA2EDD6A20E5566300BAACA2 /* Brain.swift in Sources */,
				EA8142F621462693003FCA50 /* LivingAsset_Actions.swift in Sources */,
				EAC381B9216C5F01003968BC /* TankSelector.swift in Sources */,
				EAE7F10F210B3FE10033E2A9 /* SKLabelNode.swift in Sources */,
				EA0D747A2101346F00E1397E /* StatusIndicator.swift in Sources */,
				EA2EDD6D20E638BE00BAACA2 /* Asset_Actions.swift in Sources */,
			);
			runOnlyForDeploymentPostprocessing = 0;
		};
		EA46594F20DC36F0006A4C92 /* Sources */ = {
			isa = PBXSourcesBuildPhase;
			buildActionMask = 2147483647;
			files = (
				EA6411E62140D40E009FB9D6 /* StatusDisplay.swift in Sources */,
				EA6411EE2144CBE5009FB9D6 /* Button.swift in Sources */,
				EA6411EA2140D92C009FB9D6 /* Status.swift in Sources */,
				EA46595820DC36F0006A4C92 /* TankClashRoyaleUITests.swift in Sources */,
				EA6411E1213F9101009FB9D6 /* TopBar.swift in Sources */,
				EA6411DF213F87C1009FB9D6 /* Shot.swift in Sources */,
			);
			runOnlyForDeploymentPostprocessing = 0;
		};
/* End PBXSourcesBuildPhase section */

/* Begin PBXTargetDependency section */
		EA46594A20DC36F0006A4C92 /* PBXTargetDependency */ = {
			isa = PBXTargetDependency;
			target = EA46592D20DC36EC006A4C92 /* TankClashRoyale */;
			targetProxy = EA46594920DC36F0006A4C92 /* PBXContainerItemProxy */;
		};
		EA46595520DC36F0006A4C92 /* PBXTargetDependency */ = {
			isa = PBXTargetDependency;
			target = EA46592D20DC36EC006A4C92 /* TankClashRoyale */;
			targetProxy = EA46595420DC36F0006A4C92 /* PBXContainerItemProxy */;
		};
/* End PBXTargetDependency section */

/* Begin PBXVariantGroup section */
		EA46593B20DC36EC006A4C92 /* Main.storyboard */ = {
			isa = PBXVariantGroup;
			children = (
				EA46593C20DC36EC006A4C92 /* Base */,
			);
			name = Main.storyboard;
			sourceTree = "<group>";
		};
		EA46594020DC36EF006A4C92 /* LaunchScreen.storyboard */ = {
			isa = PBXVariantGroup;
			children = (
				EA46594120DC36EF006A4C92 /* Base */,
			);
			name = LaunchScreen.storyboard;
			sourceTree = "<group>";
		};
/* End PBXVariantGroup section */

/* Begin XCBuildConfiguration section */
		EA46595A20DC36F0006A4C92 /* Debug */ = {
			isa = XCBuildConfiguration;
			buildSettings = {
				ALWAYS_SEARCH_USER_PATHS = NO;
				CLANG_ANALYZER_NONNULL = YES;
				CLANG_ANALYZER_NUMBER_OBJECT_CONVERSION = YES_AGGRESSIVE;
				CLANG_CXX_LANGUAGE_STANDARD = "gnu++14";
				CLANG_CXX_LIBRARY = "libc++";
				CLANG_ENABLE_MODULES = YES;
				CLANG_ENABLE_OBJC_ARC = YES;
				CLANG_ENABLE_OBJC_WEAK = YES;
				CLANG_WARN_BLOCK_CAPTURE_AUTORELEASING = YES;
				CLANG_WARN_BOOL_CONVERSION = YES;
				CLANG_WARN_COMMA = YES;
				CLANG_WARN_CONSTANT_CONVERSION = YES;
				CLANG_WARN_DEPRECATED_OBJC_IMPLEMENTATIONS = YES;
				CLANG_WARN_DIRECT_OBJC_ISA_USAGE = YES_ERROR;
				CLANG_WARN_DOCUMENTATION_COMMENTS = YES;
				CLANG_WARN_EMPTY_BODY = YES;
				CLANG_WARN_ENUM_CONVERSION = YES;
				CLANG_WARN_INFINITE_RECURSION = YES;
				CLANG_WARN_INT_CONVERSION = YES;
				CLANG_WARN_NON_LITERAL_NULL_CONVERSION = YES;
				CLANG_WARN_OBJC_IMPLICIT_RETAIN_SELF = YES;
				CLANG_WARN_OBJC_LITERAL_CONVERSION = YES;
				CLANG_WARN_OBJC_ROOT_CLASS = YES_ERROR;
				CLANG_WARN_RANGE_LOOP_ANALYSIS = YES;
				CLANG_WARN_STRICT_PROTOTYPES = YES;
				CLANG_WARN_SUSPICIOUS_MOVE = YES;
				CLANG_WARN_UNGUARDED_AVAILABILITY = YES_AGGRESSIVE;
				CLANG_WARN_UNREACHABLE_CODE = YES;
				CLANG_WARN__DUPLICATE_METHOD_MATCH = YES;
				CODE_SIGN_IDENTITY = "iPhone Developer";
				COPY_PHASE_STRIP = NO;
				DEBUG_INFORMATION_FORMAT = dwarf;
				ENABLE_STRICT_OBJC_MSGSEND = YES;
				ENABLE_TESTABILITY = YES;
				GCC_C_LANGUAGE_STANDARD = gnu11;
				GCC_DYNAMIC_NO_PIC = NO;
				GCC_NO_COMMON_BLOCKS = YES;
				GCC_OPTIMIZATION_LEVEL = 0;
				GCC_PREPROCESSOR_DEFINITIONS = (
					"DEBUG=1",
					"$(inherited)",
				);
				GCC_WARN_64_TO_32_BIT_CONVERSION = YES;
				GCC_WARN_ABOUT_RETURN_TYPE = YES_ERROR;
				GCC_WARN_UNDECLARED_SELECTOR = YES;
				GCC_WARN_UNINITIALIZED_AUTOS = YES_AGGRESSIVE;
				GCC_WARN_UNUSED_FUNCTION = YES;
				GCC_WARN_UNUSED_VARIABLE = YES;
				IPHONEOS_DEPLOYMENT_TARGET = 11.4;
				MTL_ENABLE_DEBUG_INFO = YES;
				ONLY_ACTIVE_ARCH = YES;
				SDKROOT = iphoneos;
				SWIFT_ACTIVE_COMPILATION_CONDITIONS = DEBUG;
				SWIFT_OPTIMIZATION_LEVEL = "-Onone";
			};
			name = Debug;
		};
		EA46595B20DC36F0006A4C92 /* Release */ = {
			isa = XCBuildConfiguration;
			buildSettings = {
				ALWAYS_SEARCH_USER_PATHS = NO;
				CLANG_ANALYZER_NONNULL = YES;
				CLANG_ANALYZER_NUMBER_OBJECT_CONVERSION = YES_AGGRESSIVE;
				CLANG_CXX_LANGUAGE_STANDARD = "gnu++14";
				CLANG_CXX_LIBRARY = "libc++";
				CLANG_ENABLE_MODULES = YES;
				CLANG_ENABLE_OBJC_ARC = YES;
				CLANG_ENABLE_OBJC_WEAK = YES;
				CLANG_WARN_BLOCK_CAPTURE_AUTORELEASING = YES;
				CLANG_WARN_BOOL_CONVERSION = YES;
				CLANG_WARN_COMMA = YES;
				CLANG_WARN_CONSTANT_CONVERSION = YES;
				CLANG_WARN_DEPRECATED_OBJC_IMPLEMENTATIONS = YES;
				CLANG_WARN_DIRECT_OBJC_ISA_USAGE = YES_ERROR;
				CLANG_WARN_DOCUMENTATION_COMMENTS = YES;
				CLANG_WARN_EMPTY_BODY = YES;
				CLANG_WARN_ENUM_CONVERSION = YES;
				CLANG_WARN_INFINITE_RECURSION = YES;
				CLANG_WARN_INT_CONVERSION = YES;
				CLANG_WARN_NON_LITERAL_NULL_CONVERSION = YES;
				CLANG_WARN_OBJC_IMPLICIT_RETAIN_SELF = YES;
				CLANG_WARN_OBJC_LITERAL_CONVERSION = YES;
				CLANG_WARN_OBJC_ROOT_CLASS = YES_ERROR;
				CLANG_WARN_RANGE_LOOP_ANALYSIS = YES;
				CLANG_WARN_STRICT_PROTOTYPES = YES;
				CLANG_WARN_SUSPICIOUS_MOVE = YES;
				CLANG_WARN_UNGUARDED_AVAILABILITY = YES_AGGRESSIVE;
				CLANG_WARN_UNREACHABLE_CODE = YES;
				CLANG_WARN__DUPLICATE_METHOD_MATCH = YES;
				CODE_SIGN_IDENTITY = "iPhone Developer";
				COPY_PHASE_STRIP = NO;
				DEBUG_INFORMATION_FORMAT = "dwarf-with-dsym";
				ENABLE_NS_ASSERTIONS = NO;
				ENABLE_STRICT_OBJC_MSGSEND = YES;
				GCC_C_LANGUAGE_STANDARD = gnu11;
				GCC_NO_COMMON_BLOCKS = YES;
				GCC_WARN_64_TO_32_BIT_CONVERSION = YES;
				GCC_WARN_ABOUT_RETURN_TYPE = YES_ERROR;
				GCC_WARN_UNDECLARED_SELECTOR = YES;
				GCC_WARN_UNINITIALIZED_AUTOS = YES_AGGRESSIVE;
				GCC_WARN_UNUSED_FUNCTION = YES;
				GCC_WARN_UNUSED_VARIABLE = YES;
				IPHONEOS_DEPLOYMENT_TARGET = 11.4;
				MTL_ENABLE_DEBUG_INFO = NO;
				SDKROOT = iphoneos;
				SWIFT_OPTIMIZATION_LEVEL = "-Owholemodule";
				VALIDATE_PRODUCT = YES;
			};
			name = Release;
		};
		EA46595D20DC36F0006A4C92 /* Debug */ = {
			isa = XCBuildConfiguration;
			baseConfigurationReference = 2B827B53C82C0579542B65EE /* Pods-TankClashRoyale.debug.xcconfig */;
			buildSettings = {
				ASSETCATALOG_COMPILER_APPICON_NAME = AppIcon;
				CODE_SIGN_STYLE = Automatic;
				DEVELOPMENT_TEAM = UBW3UU9YS2;
				INFOPLIST_FILE = TankClashRoyale/Info.plist;
				LD_RUNPATH_SEARCH_PATHS = "$(inherited) @executable_path/Frameworks";
				PRODUCT_BUNDLE_IDENTIFIER = CodeVald.FindMySeat;
				PRODUCT_NAME = "$(TARGET_NAME)";
				SWIFT_VERSION = 4.0;
				TARGETED_DEVICE_FAMILY = "1,2";
			};
			name = Debug;
		};
		EA46595E20DC36F0006A4C92 /* Release */ = {
			isa = XCBuildConfiguration;
			baseConfigurationReference = FA327A8D4361048ADAF1FDB0 /* Pods-TankClashRoyale.release.xcconfig */;
			buildSettings = {
				ASSETCATALOG_COMPILER_APPICON_NAME = AppIcon;
				CODE_SIGN_STYLE = Automatic;
				DEVELOPMENT_TEAM = UBW3UU9YS2;
				INFOPLIST_FILE = TankClashRoyale/Info.plist;
				LD_RUNPATH_SEARCH_PATHS = "$(inherited) @executable_path/Frameworks";
				PRODUCT_BUNDLE_IDENTIFIER = CodeVald.FindMySeat;
				PRODUCT_NAME = "$(TARGET_NAME)";
				SWIFT_VERSION = 4.0;
				TARGETED_DEVICE_FAMILY = "1,2";
			};
			name = Release;
		};
		EA46596020DC36F0006A4C92 /* Debug */ = {
			isa = XCBuildConfiguration;
			buildSettings = {
				ALWAYS_EMBED_SWIFT_STANDARD_LIBRARIES = YES;
				BUNDLE_LOADER = "$(TEST_HOST)";
				CODE_SIGN_STYLE = Automatic;
				DEVELOPMENT_TEAM = UBW3UU9YS2;
				INFOPLIST_FILE = TankClashRoyaleTests/Info.plist;
				LD_RUNPATH_SEARCH_PATHS = "$(inherited) @executable_path/Frameworks @loader_path/Frameworks";
				PRODUCT_BUNDLE_IDENTIFIER = CodeVald.FindMySeatTests;
				PRODUCT_NAME = "$(TARGET_NAME)";
				SWIFT_VERSION = 4.0;
				TARGETED_DEVICE_FAMILY = "1,2";
				TEST_HOST = "$(BUILT_PRODUCTS_DIR)/TankClashRoyale.app/TankClashRoyale";
			};
			name = Debug;
		};
		EA46596120DC36F0006A4C92 /* Release */ = {
			isa = XCBuildConfiguration;
			buildSettings = {
				ALWAYS_EMBED_SWIFT_STANDARD_LIBRARIES = YES;
				BUNDLE_LOADER = "$(TEST_HOST)";
				CODE_SIGN_STYLE = Automatic;
				DEVELOPMENT_TEAM = UBW3UU9YS2;
				INFOPLIST_FILE = TankClashRoyaleTests/Info.plist;
				LD_RUNPATH_SEARCH_PATHS = "$(inherited) @executable_path/Frameworks @loader_path/Frameworks";
				PRODUCT_BUNDLE_IDENTIFIER = CodeVald.FindMySeatTests;
				PRODUCT_NAME = "$(TARGET_NAME)";
				SWIFT_VERSION = 4.0;
				TARGETED_DEVICE_FAMILY = "1,2";
				TEST_HOST = "$(BUILT_PRODUCTS_DIR)/TankClashRoyale.app/TankClashRoyale";
			};
			name = Release;
		};
		EA46596320DC36F0006A4C92 /* Debug */ = {
			isa = XCBuildConfiguration;
			buildSettings = {
				ALWAYS_EMBED_SWIFT_STANDARD_LIBRARIES = YES;
				CODE_SIGN_STYLE = Automatic;
				DEVELOPMENT_TEAM = UBW3UU9YS2;
				INFOPLIST_FILE = TankClashRoyaleUITests/Info.plist;
				LD_RUNPATH_SEARCH_PATHS = "$(inherited) @executable_path/Frameworks @loader_path/Frameworks";
				PRODUCT_BUNDLE_IDENTIFIER = CodeVald.FindMySeatUITests;
				PRODUCT_NAME = "$(TARGET_NAME)";
				SWIFT_VERSION = 4.0;
				TARGETED_DEVICE_FAMILY = "1,2";
				TEST_TARGET_NAME = TankClashRoyale;
			};
			name = Debug;
		};
		EA46596420DC36F0006A4C92 /* Release */ = {
			isa = XCBuildConfiguration;
			buildSettings = {
				ALWAYS_EMBED_SWIFT_STANDARD_LIBRARIES = YES;
				CODE_SIGN_STYLE = Automatic;
				DEVELOPMENT_TEAM = UBW3UU9YS2;
				INFOPLIST_FILE = TankClashRoyaleUITests/Info.plist;
				LD_RUNPATH_SEARCH_PATHS = "$(inherited) @executable_path/Frameworks @loader_path/Frameworks";
				PRODUCT_BUNDLE_IDENTIFIER = CodeVald.FindMySeatUITests;
				PRODUCT_NAME = "$(TARGET_NAME)";
				SWIFT_VERSION = 4.0;
				TARGETED_DEVICE_FAMILY = "1,2";
				TEST_TARGET_NAME = TankClashRoyale;
			};
			name = Release;
		};
/* End XCBuildConfiguration section */

/* Begin XCConfigurationList section */
		EA46592920DC36EC006A4C92 /* Build configuration list for PBXProject "TankClashRoyale" */ = {
			isa = XCConfigurationList;
			buildConfigurations = (
				EA46595A20DC36F0006A4C92 /* Debug */,
				EA46595B20DC36F0006A4C92 /* Release */,
			);
			defaultConfigurationIsVisible = 0;
			defaultConfigurationName = Release;
		};
		EA46595C20DC36F0006A4C92 /* Build configuration list for PBXNativeTarget "TankClashRoyale" */ = {
			isa = XCConfigurationList;
			buildConfigurations = (
				EA46595D20DC36F0006A4C92 /* Debug */,
				EA46595E20DC36F0006A4C92 /* Release */,
			);
			defaultConfigurationIsVisible = 0;
			defaultConfigurationName = Release;
		};
		EA46595F20DC36F0006A4C92 /* Build configuration list for PBXNativeTarget "TankClashRoyaleTests" */ = {
			isa = XCConfigurationList;
			buildConfigurations = (
				EA46596020DC36F0006A4C92 /* Debug */,
				EA46596120DC36F0006A4C92 /* Release */,
			);
			defaultConfigurationIsVisible = 0;
			defaultConfigurationName = Release;
		};
		EA46596220DC36F0006A4C92 /* Build configuration list for PBXNativeTarget "TankClashRoyaleUITests" */ = {
			isa = XCConfigurationList;
			buildConfigurations = (
				EA46596320DC36F0006A4C92 /* Debug */,
				EA46596420DC36F0006A4C92 /* Release */,
			);
			defaultConfigurationIsVisible = 0;
			defaultConfigurationName = Release;
		};
/* End XCConfigurationList section */
	};
	rootObject = EA46592620DC36EC006A4C92 /* Project object */;
}
